
Microsoft Visual Studio Solution File, Format Version 12.00
Project("{FAE04EC0-301F-11D3-BF4B-00C04F79EFBC}") = "ASPA001", "ASPA001\ASPA001.csproj", "{DFB3E43A-7BF4-4204-8DFC-9319791615C9}"
EndProject
Project("{FAE04EC0-301F-11D3-BF4B-00C04F79EFBC}") = "ASPA002_1", "ASPA002_1\ASPA002_1.csproj", "{0EC85B02-5534-4F33-8387-86C980E0DB3A}"
EndProject
Project("{FAE04EC0-301F-11D3-BF4B-00C04F79EFBC}") = "ASPA002_2", "ASPA002_2\ASPA002_2.csproj", "{EE60DB2E-1CB6-41B2-BEB2-20ACBD45D62B}"
EndProject
Project("{FAE04EC0-301F-11D3-BF4B-00C04F79EFBC}") = "ASPA002_3", "ASPA002_3\ASPA002_3.csproj", "{E459793E-DA53-4AF9-9642-8B83EB552F37}"
EndProject
Project("{FAE04EC0-301F-11D3-BF4B-00C04F79EFBC}") = "DAL003", "DAL003\DAL003.csproj", "{8F778E8B-8A90-4B43-976E-C21D7DFE1F69}"
EndProject
Project("{FAE04EC0-301F-11D3-BF4B-00C04F79EFBC}") = "Test_DAL003", "Test_DAL003\Test_DAL003.csproj", "{C3D74D42-161F-4953-AC3B-1E0BD87C58B9}"
EndProject
Project("{FAE04EC0-301F-11D3-BF4B-00C04F79EFBC}") = "ASPA003", "ASPA003\ASPA003.csproj", "{43BB6D10-8048-4361-9FFB-DB8A24394543}"
EndProject
Project("{FAE04EC0-301F-11D3-BF4B-00C04F79EFBC}") = "DAL004", "DAL004\DAL004.csproj", "{82E9FFA7-EF6A-462B-B05D-F2C06221C8CD}"
EndProject
Project("{FAE04EC0-301F-11D3-BF4B-00C04F79EFBC}") = "Test_DAL004", "Test_DAL004\Test_DAL004.csproj", "{0FB129BC-0C23-425A-9CFE-9CF24F689736}"
EndProject
Project("{FAE04EC0-301F-11D3-BF4B-00C04F79EFBC}") = "ASPA004_1", "ASPA004_1\ASPA004_1.csproj", "{09442062-7808-4E5D-B5EF-797C1F3FC6F6}"
EndProject
Project("{FAE04EC0-301F-11D3-BF4B-00C04F79EFBC}") = "ASPA004_2", "ASPA004_2\ASPA004_2.csproj", "{32E43051-26E4-4096-9329-3C7197440616}"
EndProject
Project("{FAE04EC0-301F-11D3-BF4B-00C04F79EFBC}") = "ASPA004_3", "ASPA004_3\ASPA004_3.csproj", "{B67CC20E-EE2B-4F47-8DE3-5709FB2A49DB}"
EndProject
Project("{FAE04EC0-301F-11D3-BF4B-00C04F79EFBC}") = "ASPA005_1", "ASPA005_1\ASPA005_1.csproj", "{BE6DABAF-56E1-4215-AF9C-8B79299AEDD9}"
EndProject
Project("{FAE04EC0-301F-11D3-BF4B-00C04F79EFBC}") = "ASPA005_2", "ASPA005_2\ASPA005_2.csproj", "{397B3E1A-8799-4956-87C0-81393F7498A1}"
EndProject
Project("{FAE04EC0-301F-11D3-BF4B-00C04F79EFBC}") = "ASPA005_3", "ASPA005_3\ASPA005_3.csproj", "{7435F2EE-114E-4E12-B384-EA513AE1A907}"
EndProject
Project("{2150E333-8FDC-42A3-9474-1A3956D46DE8}") = "ASPA_6", "ASPA_6", "{B57C1AE6-BD74-47B5-8B06-C6D3D88B52C8}"
EndProject
Project("{2150E333-8FDC-42A3-9474-1A3956D46DE8}") = "ASPA_1", "ASPA_1", "{C1154FC4-F6D2-4838-A912-64F768CD2C62}"
EndProject
Project("{2150E333-8FDC-42A3-9474-1A3956D46DE8}") = "ASPA_2", "ASPA_2", "{4B33A6C6-D0DD-4446-A64F-5D1C889953BA}"
EndProject
Project("{2150E333-8FDC-42A3-9474-1A3956D46DE8}") = "ASPA_3", "ASPA_3", "{0CCC253C-5882-4EA4-82E3-B871FDB99839}"
EndProject
Project("{2150E333-8FDC-42A3-9474-1A3956D46DE8}") = "ASPA_4", "ASPA_4", "{4BA7B3F5-0467-4D29-9F57-1796B206989A}"
EndProject
Project("{2150E333-8FDC-42A3-9474-1A3956D46DE8}") = "ASPA_5", "ASPA_5", "{C25CD317-4486-44ED-BB92-9878E6AB3245}"
EndProject
Project("{FAE04EC0-301F-11D3-BF4B-00C04F79EFBC}") = "DAL_Celebrity", "DAL_Celebrity\DAL_Celebrity.csproj", "{3BB43B4A-5C69-4D58-A6E2-DC21EB13B7DF}"
EndProject
Project("{FAE04EC0-301F-11D3-BF4B-00C04F79EFBC}") = "DAL_Celebrity_MSSQL", "DAL_Celebrity_MSSQL\DAL_Celebrity_MSSQL.csproj", "{ECAD11E4-2F61-40A7-8D26-FDC90670FA79}"
EndProject
Project("{FAE04EC0-301F-11D3-BF4B-00C04F79EFBC}") = "DAL_Celebrity_MSSQL_Test", "DAL_Celebrity_MSSQL_Test\DAL_Celebrity_MSSQL_Test.csproj", "{C01EA445-6B8A-47BB-8899-AE8071358673}"
EndProject
Project("{FAE04EC0-301F-11D3-BF4B-00C04F79EFBC}") = "ASPA006_1", "ASPA006_1\ASPA006_1.csproj", "{8C01E07B-05AF-4259-97C9-AAF7250DB6AE}"
EndProject
Project("{2150E333-8FDC-42A3-9474-1A3956D46DE8}") = "ASPA_7", "ASPA_7", "{82B2B58B-0966-4970-939E-232F2597BA16}"
EndProject
Project("{FAE04EC0-301F-11D3-BF4B-00C04F79EFBC}") = "ASPA007_1", "ASPA007_1\ASPA007_1.csproj", "{C21951EC-0286-40BF-A3B5-D446E78BE7B8}"
EndProject
Project("{2150E333-8FDC-42A3-9474-1A3956D46DE8}") = "ASPA_8", "ASPA_8", "{C9289FC2-163C-4C33-8FA5-39FD2E98BDB6}"
EndProject
Project("{FAE04EC0-301F-11D3-BF4B-00C04F79EFBC}") = "ANC25_WEBAPI_DLL", "ANC25_WEBAPI_DLL\ANC25_WEBAPI_DLL.csproj", "{446D82AA-F86E-4AC1-B944-4A75D8225B69}"
EndProject
Project("{FAE04EC0-301F-11D3-BF4B-00C04F79EFBC}") = "ASPA008_1", "ASPA008_1\ASPA008_1.csproj", "{4C6329F5-CEB0-4AA6-8CE3-232BA1CBE51E}"
EndProject
Global
	GlobalSection(SolutionConfigurationPlatforms) = preSolution
		Debug|Any CPU = Debug|Any CPU
		Release|Any CPU = Release|Any CPU
	EndGlobalSection
	GlobalSection(ProjectConfigurationPlatforms) = postSolution
		{DFB3E43A-7BF4-4204-8DFC-9319791615C9}.Debug|Any CPU.ActiveCfg = Debug|Any CPU
		{DFB3E43A-7BF4-4204-8DFC-9319791615C9}.Debug|Any CPU.Build.0 = Debug|Any CPU
		{DFB3E43A-7BF4-4204-8DFC-9319791615C9}.Release|Any CPU.ActiveCfg = Release|Any CPU
		{DFB3E43A-7BF4-4204-8DFC-9319791615C9}.Release|Any CPU.Build.0 = Release|Any CPU
		{0EC85B02-5534-4F33-8387-86C980E0DB3A}.Debug|Any CPU.ActiveCfg = Debug|Any CPU
		{0EC85B02-5534-4F33-8387-86C980E0DB3A}.Debug|Any CPU.Build.0 = Debug|Any CPU
		{0EC85B02-5534-4F33-8387-86C980E0DB3A}.Release|Any CPU.ActiveCfg = Release|Any CPU
		{0EC85B02-5534-4F33-8387-86C980E0DB3A}.Release|Any CPU.Build.0 = Release|Any CPU
		{EE60DB2E-1CB6-41B2-BEB2-20ACBD45D62B}.Debug|Any CPU.ActiveCfg = Debug|Any CPU
		{EE60DB2E-1CB6-41B2-BEB2-20ACBD45D62B}.Debug|Any CPU.Build.0 = Debug|Any CPU
		{EE60DB2E-1CB6-41B2-BEB2-20ACBD45D62B}.Release|Any CPU.ActiveCfg = Release|Any CPU
		{EE60DB2E-1CB6-41B2-BEB2-20ACBD45D62B}.Release|Any CPU.Build.0 = Release|Any CPU
		{E459793E-DA53-4AF9-9642-8B83EB552F37}.Debug|Any CPU.ActiveCfg = Debug|Any CPU
		{E459793E-DA53-4AF9-9642-8B83EB552F37}.Debug|Any CPU.Build.0 = Debug|Any CPU
		{E459793E-DA53-4AF9-9642-8B83EB552F37}.Release|Any CPU.ActiveCfg = Release|Any CPU
		{E459793E-DA53-4AF9-9642-8B83EB552F37}.Release|Any CPU.Build.0 = Release|Any CPU
		{8F778E8B-8A90-4B43-976E-C21D7DFE1F69}.Debug|Any CPU.ActiveCfg = Debug|Any CPU
		{8F778E8B-8A90-4B43-976E-C21D7DFE1F69}.Debug|Any CPU.Build.0 = Debug|Any CPU
		{8F778E8B-8A90-4B43-976E-C21D7DFE1F69}.Release|Any CPU.ActiveCfg = Release|Any CPU
		{8F778E8B-8A90-4B43-976E-C21D7DFE1F69}.Release|Any CPU.Build.0 = Release|Any CPU
		{C3D74D42-161F-4953-AC3B-1E0BD87C58B9}.Debug|Any CPU.ActiveCfg = Debug|Any CPU
		{C3D74D42-161F-4953-AC3B-1E0BD87C58B9}.Debug|Any CPU.Build.0 = Debug|Any CPU
		{C3D74D42-161F-4953-AC3B-1E0BD87C58B9}.Release|Any CPU.ActiveCfg = Release|Any CPU
		{C3D74D42-161F-4953-AC3B-1E0BD87C58B9}.Release|Any CPU.Build.0 = Release|Any CPU
		{43BB6D10-8048-4361-9FFB-DB8A24394543}.Debug|Any CPU.ActiveCfg = Debug|Any CPU
		{43BB6D10-8048-4361-9FFB-DB8A24394543}.Debug|Any CPU.Build.0 = Debug|Any CPU
		{43BB6D10-8048-4361-9FFB-DB8A24394543}.Release|Any CPU.ActiveCfg = Release|Any CPU
		{43BB6D10-8048-4361-9FFB-DB8A24394543}.Release|Any CPU.Build.0 = Release|Any CPU
		{82E9FFA7-EF6A-462B-B05D-F2C06221C8CD}.Debug|Any CPU.ActiveCfg = Debug|Any CPU
		{82E9FFA7-EF6A-462B-B05D-F2C06221C8CD}.Debug|Any CPU.Build.0 = Debug|Any CPU
		{82E9FFA7-EF6A-462B-B05D-F2C06221C8CD}.Release|Any CPU.ActiveCfg = Release|Any CPU
		{82E9FFA7-EF6A-462B-B05D-F2C06221C8CD}.Release|Any CPU.Build.0 = Release|Any CPU
		{0FB129BC-0C23-425A-9CFE-9CF24F689736}.Debug|Any CPU.ActiveCfg = Debug|Any CPU
		{0FB129BC-0C23-425A-9CFE-9CF24F689736}.Debug|Any CPU.Build.0 = Debug|Any CPU
		{0FB129BC-0C23-425A-9CFE-9CF24F689736}.Release|Any CPU.ActiveCfg = Release|Any CPU
		{0FB129BC-0C23-425A-9CFE-9CF24F689736}.Release|Any CPU.Build.0 = Release|Any CPU
		{09442062-7808-4E5D-B5EF-797C1F3FC6F6}.Debug|Any CPU.ActiveCfg = Debug|Any CPU
		{09442062-7808-4E5D-B5EF-797C1F3FC6F6}.Debug|Any CPU.Build.0 = Debug|Any CPU
		{09442062-7808-4E5D-B5EF-797C1F3FC6F6}.Release|Any CPU.ActiveCfg = Release|Any CPU
		{09442062-7808-4E5D-B5EF-797C1F3FC6F6}.Release|Any CPU.Build.0 = Release|Any CPU
		{32E43051-26E4-4096-9329-3C7197440616}.Debug|Any CPU.ActiveCfg = Debug|Any CPU
		{32E43051-26E4-4096-9329-3C7197440616}.Debug|Any CPU.Build.0 = Debug|Any CPU
		{32E43051-26E4-4096-9329-3C7197440616}.Release|Any CPU.ActiveCfg = Release|Any CPU
		{32E43051-26E4-4096-9329-3C7197440616}.Release|Any CPU.Build.0 = Release|Any CPU
		{B67CC20E-EE2B-4F47-8DE3-5709FB2A49DB}.Debug|Any CPU.ActiveCfg = Debug|Any CPU
		{B67CC20E-EE2B-4F47-8DE3-5709FB2A49DB}.Debug|Any CPU.Build.0 = Debug|Any CPU
		{B67CC20E-EE2B-4F47-8DE3-5709FB2A49DB}.Release|Any CPU.ActiveCfg = Release|Any CPU
		{B67CC20E-EE2B-4F47-8DE3-5709FB2A49DB}.Release|Any CPU.Build.0 = Release|Any CPU
		{BE6DABAF-56E1-4215-AF9C-8B79299AEDD9}.Debug|Any CPU.ActiveCfg = Debug|Any CPU
		{BE6DABAF-56E1-4215-AF9C-8B79299AEDD9}.Debug|Any CPU.Build.0 = Debug|Any CPU
		{BE6DABAF-56E1-4215-AF9C-8B79299AEDD9}.Release|Any CPU.ActiveCfg = Release|Any CPU
		{BE6DABAF-56E1-4215-AF9C-8B79299AEDD9}.Release|Any CPU.Build.0 = Release|Any CPU
		{397B3E1A-8799-4956-87C0-81393F7498A1}.Debug|Any CPU.ActiveCfg = Debug|Any CPU
		{397B3E1A-8799-4956-87C0-81393F7498A1}.Debug|Any CPU.Build.0 = Debug|Any CPU
		{397B3E1A-8799-4956-87C0-81393F7498A1}.Release|Any CPU.ActiveCfg = Release|Any CPU
		{397B3E1A-8799-4956-87C0-81393F7498A1}.Release|Any CPU.Build.0 = Release|Any CPU
		{7435F2EE-114E-4E12-B384-EA513AE1A907}.Debug|Any CPU.ActiveCfg = Debug|Any CPU
		{7435F2EE-114E-4E12-B384-EA513AE1A907}.Debug|Any CPU.Build.0 = Debug|Any CPU
		{7435F2EE-114E-4E12-B384-EA513AE1A907}.Release|Any CPU.ActiveCfg = Release|Any CPU
		{7435F2EE-114E-4E12-B384-EA513AE1A907}.Release|Any CPU.Build.0 = Release|Any CPU
		{3BB43B4A-5C69-4D58-A6E2-DC21EB13B7DF}.Debug|Any CPU.ActiveCfg = Debug|Any CPU
		{3BB43B4A-5C69-4D58-A6E2-DC21EB13B7DF}.Debug|Any CPU.Build.0 = Debug|Any CPU
		{3BB43B4A-5C69-4D58-A6E2-DC21EB13B7DF}.Release|Any CPU.ActiveCfg = Release|Any CPU
		{3BB43B4A-5C69-4D58-A6E2-DC21EB13B7DF}.Release|Any CPU.Build.0 = Release|Any CPU
		{ECAD11E4-2F61-40A7-8D26-FDC90670FA79}.Debug|Any CPU.ActiveCfg = Debug|Any CPU
		{ECAD11E4-2F61-40A7-8D26-FDC90670FA79}.Debug|Any CPU.Build.0 = Debug|Any CPU
		{ECAD11E4-2F61-40A7-8D26-FDC90670FA79}.Release|Any CPU.ActiveCfg = Release|Any CPU
		{ECAD11E4-2F61-40A7-8D26-FDC90670FA79}.Release|Any CPU.Build.0 = Release|Any CPU
		{C01EA445-6B8A-47BB-8899-AE8071358673}.Debug|Any CPU.ActiveCfg = Debug|Any CPU
		{C01EA445-6B8A-47BB-8899-AE8071358673}.Debug|Any CPU.Build.0 = Debug|Any CPU
		{C01EA445-6B8A-47BB-8899-AE8071358673}.Release|Any CPU.ActiveCfg = Release|Any CPU
		{C01EA445-6B8A-47BB-8899-AE8071358673}.Release|Any CPU.Build.0 = Release|Any CPU
		{8C01E07B-05AF-4259-97C9-AAF7250DB6AE}.Debug|Any CPU.ActiveCfg = Debug|Any CPU
		{8C01E07B-05AF-4259-97C9-AAF7250DB6AE}.Debug|Any CPU.Build.0 = Debug|Any CPU
		{8C01E07B-05AF-4259-97C9-AAF7250DB6AE}.Release|Any CPU.ActiveCfg = Release|Any CPU
		{8C01E07B-05AF-4259-97C9-AAF7250DB6AE}.Release|Any CPU.Build.0 = Release|Any CPU
		{C21951EC-0286-40BF-A3B5-D446E78BE7B8}.Debug|Any CPU.ActiveCfg = Debug|Any CPU
		{C21951EC-0286-40BF-A3B5-D446E78BE7B8}.Debug|Any CPU.Build.0 = Debug|Any CPU
		{C21951EC-0286-40BF-A3B5-D446E78BE7B8}.Release|Any CPU.ActiveCfg = Release|Any CPU
		{C21951EC-0286-40BF-A3B5-D446E78BE7B8}.Release|Any CPU.Build.0 = Release|Any CPU
		{446D82AA-F86E-4AC1-B944-4A75D8225B69}.Debug|Any CPU.ActiveCfg = Debug|Any CPU
		{446D82AA-F86E-4AC1-B944-4A75D8225B69}.Debug|Any CPU.Build.0 = Debug|Any CPU
		{446D82AA-F86E-4AC1-B944-4A75D8225B69}.Release|Any CPU.ActiveCfg = Release|Any CPU
		{446D82AA-F86E-4AC1-B944-4A75D8225B69}.Release|Any CPU.Build.0 = Release|Any CPU
		{4C6329F5-CEB0-4AA6-8CE3-232BA1CBE51E}.Debug|Any CPU.ActiveCfg = Debug|Any CPU
		{4C6329F5-CEB0-4AA6-8CE3-232BA1CBE51E}.Debug|Any CPU.Build.0 = Debug|Any CPU
		{4C6329F5-CEB0-4AA6-8CE3-232BA1CBE51E}.Release|Any CPU.ActiveCfg = Release|Any CPU
		{4C6329F5-CEB0-4AA6-8CE3-232BA1CBE51E}.Release|Any CPU.Build.0 = Release|Any CPU
	EndGlobalSection
	GlobalSection(NestedProjects) = preSolution
		{DFB3E43A-7BF4-4204-8DFC-9319791615C9} = {C1154FC4-F6D2-4838-A912-64F768CD2C62}
		{0EC85B02-5534-4F33-8387-86C980E0DB3A} = {4B33A6C6-D0DD-4446-A64F-5D1C889953BA}
		{EE60DB2E-1CB6-41B2-BEB2-20ACBD45D62B} = {4B33A6C6-D0DD-4446-A64F-5D1C889953BA}
		{E459793E-DA53-4AF9-9642-8B83EB552F37} = {4B33A6C6-D0DD-4446-A64F-5D1C889953BA}
		{43BB6D10-8048-4361-9FFB-DB8A24394543} = {0CCC253C-5882-4EA4-82E3-B871FDB99839}
		{09442062-7808-4E5D-B5EF-797C1F3FC6F6} = {4BA7B3F5-0467-4D29-9F57-1796B206989A}
		{32E43051-26E4-4096-9329-3C7197440616} = {4BA7B3F5-0467-4D29-9F57-1796B206989A}
		{B67CC20E-EE2B-4F47-8DE3-5709FB2A49DB} = {4BA7B3F5-0467-4D29-9F57-1796B206989A}
		{8F778E8B-8A90-4B43-976E-C21D7DFE1F69} = {0CCC253C-5882-4EA4-82E3-B871FDB99839}
		{82E9FFA7-EF6A-462B-B05D-F2C06221C8CD} = {4BA7B3F5-0467-4D29-9F57-1796B206989A}
		{C3D74D42-161F-4953-AC3B-1E0BD87C58B9} = {0CCC253C-5882-4EA4-82E3-B871FDB99839}
		{0FB129BC-0C23-425A-9CFE-9CF24F689736} = {4BA7B3F5-0467-4D29-9F57-1796B206989A}
		{BE6DABAF-56E1-4215-AF9C-8B79299AEDD9} = {C25CD317-4486-44ED-BB92-9878E6AB3245}
		{397B3E1A-8799-4956-87C0-81393F7498A1} = {C25CD317-4486-44ED-BB92-9878E6AB3245}
		{7435F2EE-114E-4E12-B384-EA513AE1A907} = {C25CD317-4486-44ED-BB92-9878E6AB3245}
		{3BB43B4A-5C69-4D58-A6E2-DC21EB13B7DF} = {B57C1AE6-BD74-47B5-8B06-C6D3D88B52C8}
		{ECAD11E4-2F61-40A7-8D26-FDC90670FA79} = {B57C1AE6-BD74-47B5-8B06-C6D3D88B52C8}
		{C01EA445-6B8A-47BB-8899-AE8071358673} = {B57C1AE6-BD74-47B5-8B06-C6D3D88B52C8}
		{8C01E07B-05AF-4259-97C9-AAF7250DB6AE} = {B57C1AE6-BD74-47B5-8B06-C6D3D88B52C8}
		{C21951EC-0286-40BF-A3B5-D446E78BE7B8} = {82B2B58B-0966-4970-939E-232F2597BA16}
		{446D82AA-F86E-4AC1-B944-4A75D8225B69} = {C9289FC2-163C-4C33-8FA5-39FD2E98BDB6}
		{4C6329F5-CEB0-4AA6-8CE3-232BA1CBE51E} = {C9289FC2-163C-4C33-8FA5-39FD2E98BDB6}
	EndGlobalSection
EndGlobal
