
Microsoft Visual Studio Solution File, Format Version 12.00
# Visual Studio Version 17
VisualStudioVersion = 17.11.35327.3
MinimumVisualStudioVersion = 10.0.40219.1
Project("{8BC9CEB8-8B4A-11D0-8D11-00A0C91BC942}") = "os04_01", "os04_01\os04_01.vcxproj", "{2A2BDFA8-D1F6-4503-9D23-7E4DB254DBE9}"
EndProject
Project("{8BC9CEB8-8B4A-11D0-8D11-00A0C91BC942}") = "os04_02", "..\os04_02\os04_02\os04_02.vcxproj", "{6E66409A-0837-4DED-920A-E068518E79C4}"
EndProject
Project("{8BC9CEB8-8B4A-11D0-8D11-00A0C91BC942}") = "os04_03", "..\os04_03\os04_03\os04_03.vcxproj", "{277CF418-4C96-4E64-B1AA-C97BD23050EA}"
EndProject
Project("{9A19103F-16F7-4668-BE54-9A1E7A4F7556}") = "os04_04", "..\os04_04\os04_04\os04_04.csproj", "{292DA97A-38B5-4CF7-A463-A6A802FE8883}"
EndProject
Project("{9A19103F-16F7-4668-BE54-9A1E7A4F7556}") = "os04_06", "..\os04_06\os04_06\os04_06.csproj", "{BBB94D95-3074-4DC5-9274-39A07F892715}"
EndProject
Project("{9A19103F-16F7-4668-BE54-9A1E7A4F7556}") = "os04_07", "..\os04_07\os04_07\os04_07.csproj", "{5C903AA4-CEAE-4224-93D0-52FA11DF9E2A}"
EndProject
Project("{9A19103F-16F7-4668-BE54-9A1E7A4F7556}") = "os04_08", "..\os04_08\os04_08\os04_08.csproj", "{CF29028D-42BF-4885-AB0E-32C58AAA604A}"
EndProject
Project("{9A19103F-16F7-4668-BE54-9A1E7A4F7556}") = "os04_09", "..\os04_09\os04_09\os04_09.csproj", "{63B7B177-2CD0-4892-A929-9D1BF642B75A}"
EndProject
Project("{9A19103F-16F7-4668-BE54-9A1E7A4F7556}") = "os04_10", "..\os04_10\os04_10\os04_10.csproj", "{DCA7E8C4-8AD3-4673-BAAB-2180CF0CF44F}"
EndProject
Global
	GlobalSection(SolutionConfigurationPlatforms) = preSolution
		Debug|Any CPU = Debug|Any CPU
		Debug|x64 = Debug|x64
		Debug|x86 = Debug|x86
		Release|Any CPU = Release|Any CPU
		Release|x64 = Release|x64
		Release|x86 = Release|x86
	EndGlobalSection
	GlobalSection(ProjectConfigurationPlatforms) = postSolution
		{2A2BDFA8-D1F6-4503-9D23-7E4DB254DBE9}.Debug|Any CPU.ActiveCfg = Debug|x64
		{2A2BDFA8-D1F6-4503-9D23-7E4DB254DBE9}.Debug|Any CPU.Build.0 = Debug|x64
		{2A2BDFA8-D1F6-4503-9D23-7E4DB254DBE9}.Debug|x64.ActiveCfg = Debug|x64
		{2A2BDFA8-D1F6-4503-9D23-7E4DB254DBE9}.Debug|x64.Build.0 = Debug|x64
		{2A2BDFA8-D1F6-4503-9D23-7E4DB254DBE9}.Debug|x86.ActiveCfg = Debug|Win32
		{2A2BDFA8-D1F6-4503-9D23-7E4DB254DBE9}.Debug|x86.Build.0 = Debug|Win32
		{2A2BDFA8-D1F6-4503-9D23-7E4DB254DBE9}.Release|Any CPU.ActiveCfg = Release|x64
		{2A2BDFA8-D1F6-4503-9D23-7E4DB254DBE9}.Release|Any CPU.Build.0 = Release|x64
		{2A2BDFA8-D1F6-4503-9D23-7E4DB254DBE9}.Release|x64.ActiveCfg = Release|x64
		{2A2BDFA8-D1F6-4503-9D23-7E4DB254DBE9}.Release|x64.Build.0 = Release|x64
		{2A2BDFA8-D1F6-4503-9D23-7E4DB254DBE9}.Release|x86.ActiveCfg = Release|Win32
		{2A2BDFA8-D1F6-4503-9D23-7E4DB254DBE9}.Release|x86.Build.0 = Release|Win32
		{6E66409A-0837-4DED-920A-E068518E79C4}.Debug|Any CPU.ActiveCfg = Debug|x64
		{6E66409A-0837-4DED-920A-E068518E79C4}.Debug|Any CPU.Build.0 = Debug|x64
		{6E66409A-0837-4DED-920A-E068518E79C4}.Debug|x64.ActiveCfg = Debug|x64
		{6E66409A-0837-4DED-920A-E068518E79C4}.Debug|x64.Build.0 = Debug|x64
		{6E66409A-0837-4DED-920A-E068518E79C4}.Debug|x86.ActiveCfg = Debug|Win32
		{6E66409A-0837-4DED-920A-E068518E79C4}.Debug|x86.Build.0 = Debug|Win32
		{6E66409A-0837-4DED-920A-E068518E79C4}.Release|Any CPU.ActiveCfg = Release|x64
		{6E66409A-0837-4DED-920A-E068518E79C4}.Release|Any CPU.Build.0 = Release|x64
		{6E66409A-0837-4DED-920A-E068518E79C4}.Release|x64.ActiveCfg = Release|x64
		{6E66409A-0837-4DED-920A-E068518E79C4}.Release|x64.Build.0 = Release|x64
		{6E66409A-0837-4DED-920A-E068518E79C4}.Release|x86.ActiveCfg = Release|Win32
		{6E66409A-0837-4DED-920A-E068518E79C4}.Release|x86.Build.0 = Release|Win32
		{277CF418-4C96-4E64-B1AA-C97BD23050EA}.Debug|Any CPU.ActiveCfg = Debug|x64
		{277CF418-4C96-4E64-B1AA-C97BD23050EA}.Debug|Any CPU.Build.0 = Debug|x64
		{277CF418-4C96-4E64-B1AA-C97BD23050EA}.Debug|x64.ActiveCfg = Debug|x64
		{277CF418-4C96-4E64-B1AA-C97BD23050EA}.Debug|x64.Build.0 = Debug|x64
		{277CF418-4C96-4E64-B1AA-C97BD23050EA}.Debug|x86.ActiveCfg = Debug|Win32
		{277CF418-4C96-4E64-B1AA-C97BD23050EA}.Debug|x86.Build.0 = Debug|Win32
		{277CF418-4C96-4E64-B1AA-C97BD23050EA}.Release|Any CPU.ActiveCfg = Release|x64
		{277CF418-4C96-4E64-B1AA-C97BD23050EA}.Release|Any CPU.Build.0 = Release|x64
		{277CF418-4C96-4E64-B1AA-C97BD23050EA}.Release|x64.ActiveCfg = Release|x64
		{277CF418-4C96-4E64-B1AA-C97BD23050EA}.Release|x64.Build.0 = Release|x64
		{277CF418-4C96-4E64-B1AA-C97BD23050EA}.Release|x86.ActiveCfg = Release|Win32
		{277CF418-4C96-4E64-B1AA-C97BD23050EA}.Release|x86.Build.0 = Release|Win32
		{292DA97A-38B5-4CF7-A463-A6A802FE8883}.Debug|Any CPU.ActiveCfg = Debug|Any CPU
		{292DA97A-38B5-4CF7-A463-A6A802FE8883}.Debug|Any CPU.Build.0 = Debug|Any CPU
		{292DA97A-38B5-4CF7-A463-A6A802FE8883}.Debug|x64.ActiveCfg = Debug|Any CPU
		{292DA97A-38B5-4CF7-A463-A6A802FE8883}.Debug|x64.Build.0 = Debug|Any CPU
		{292DA97A-38B5-4CF7-A463-A6A802FE8883}.Debug|x86.ActiveCfg = Debug|Any CPU
		{292DA97A-38B5-4CF7-A463-A6A802FE8883}.Debug|x86.Build.0 = Debug|Any CPU
		{292DA97A-38B5-4CF7-A463-A6A802FE8883}.Release|Any CPU.ActiveCfg = Release|Any CPU
		{292DA97A-38B5-4CF7-A463-A6A802FE8883}.Release|Any CPU.Build.0 = Release|Any CPU
		{292DA97A-38B5-4CF7-A463-A6A802FE8883}.Release|x64.ActiveCfg = Release|Any CPU
		{292DA97A-38B5-4CF7-A463-A6A802FE8883}.Release|x64.Build.0 = Release|Any CPU
		{292DA97A-38B5-4CF7-A463-A6A802FE8883}.Release|x86.ActiveCfg = Release|Any CPU
		{292DA97A-38B5-4CF7-A463-A6A802FE8883}.Release|x86.Build.0 = Release|Any CPU
		{BBB94D95-3074-4DC5-9274-39A07F892715}.Debug|Any CPU.ActiveCfg = Debug|Any CPU
		{BBB94D95-3074-4DC5-9274-39A07F892715}.Debug|Any CPU.Build.0 = Debug|Any CPU
		{BBB94D95-3074-4DC5-9274-39A07F892715}.Debug|x64.ActiveCfg = Debug|Any CPU
		{BBB94D95-3074-4DC5-9274-39A07F892715}.Debug|x64.Build.0 = Debug|Any CPU
		{BBB94D95-3074-4DC5-9274-39A07F892715}.Debug|x86.ActiveCfg = Debug|Any CPU
		{BBB94D95-3074-4DC5-9274-39A07F892715}.Debug|x86.Build.0 = Debug|Any CPU
		{BBB94D95-3074-4DC5-9274-39A07F892715}.Release|Any CPU.ActiveCfg = Release|Any CPU
		{BBB94D95-3074-4DC5-9274-39A07F892715}.Release|Any CPU.Build.0 = Release|Any CPU
		{BBB94D95-3074-4DC5-9274-39A07F892715}.Release|x64.ActiveCfg = Release|Any CPU
		{BBB94D95-3074-4DC5-9274-39A07F892715}.Release|x64.Build.0 = Release|Any CPU
		{BBB94D95-3074-4DC5-9274-39A07F892715}.Release|x86.ActiveCfg = Release|Any CPU
		{BBB94D95-3074-4DC5-9274-39A07F892715}.Release|x86.Build.0 = Release|Any CPU
		{5C903AA4-CEAE-4224-93D0-52FA11DF9E2A}.Debug|Any CPU.ActiveCfg = Debug|Any CPU
		{5C903AA4-CEAE-4224-93D0-52FA11DF9E2A}.Debug|Any CPU.Build.0 = Debug|Any CPU
		{5C903AA4-CEAE-4224-93D0-52FA11DF9E2A}.Debug|x64.ActiveCfg = Debug|Any CPU
		{5C903AA4-CEAE-4224-93D0-52FA11DF9E2A}.Debug|x64.Build.0 = Debug|Any CPU
		{5C903AA4-CEAE-4224-93D0-52FA11DF9E2A}.Debug|x86.ActiveCfg = Debug|Any CPU
		{5C903AA4-CEAE-4224-93D0-52FA11DF9E2A}.Debug|x86.Build.0 = Debug|Any CPU
		{5C903AA4-CEAE-4224-93D0-52FA11DF9E2A}.Release|Any CPU.ActiveCfg = Release|Any CPU
		{5C903AA4-CEAE-4224-93D0-52FA11DF9E2A}.Release|Any CPU.Build.0 = Release|Any CPU
		{5C903AA4-CEAE-4224-93D0-52FA11DF9E2A}.Release|x64.ActiveCfg = Release|Any CPU
		{5C903AA4-CEAE-4224-93D0-52FA11DF9E2A}.Release|x64.Build.0 = Release|Any CPU
		{5C903AA4-CEAE-4224-93D0-52FA11DF9E2A}.Release|x86.ActiveCfg = Release|Any CPU
		{5C903AA4-CEAE-4224-93D0-52FA11DF9E2A}.Release|x86.Build.0 = Release|Any CPU
		{CF29028D-42BF-4885-AB0E-32C58AAA604A}.Debug|Any CPU.ActiveCfg = Debug|Any CPU
		{CF29028D-42BF-4885-AB0E-32C58AAA604A}.Debug|Any CPU.Build.0 = Debug|Any CPU
		{CF29028D-42BF-4885-AB0E-32C58AAA604A}.Debug|x64.ActiveCfg = Debug|Any CPU
		{CF29028D-42BF-4885-AB0E-32C58AAA604A}.Debug|x64.Build.0 = Debug|Any CPU
		{CF29028D-42BF-4885-AB0E-32C58AAA604A}.Debug|x86.ActiveCfg = Debug|Any CPU
		{CF29028D-42BF-4885-AB0E-32C58AAA604A}.Debug|x86.Build.0 = Debug|Any CPU
		{CF29028D-42BF-4885-AB0E-32C58AAA604A}.Release|Any CPU.ActiveCfg = Release|Any CPU
		{CF29028D-42BF-4885-AB0E-32C58AAA604A}.Release|Any CPU.Build.0 = Release|Any CPU
		{CF29028D-42BF-4885-AB0E-32C58AAA604A}.Release|x64.ActiveCfg = Release|Any CPU
		{CF29028D-42BF-4885-AB0E-32C58AAA604A}.Release|x64.Build.0 = Release|Any CPU
		{CF29028D-42BF-4885-AB0E-32C58AAA604A}.Release|x86.ActiveCfg = Release|Any CPU
		{CF29028D-42BF-4885-AB0E-32C58AAA604A}.Release|x86.Build.0 = Release|Any CPU
		{63B7B177-2CD0-4892-A929-9D1BF642B75A}.Debug|Any CPU.ActiveCfg = Debug|Any CPU
		{63B7B177-2CD0-4892-A929-9D1BF642B75A}.Debug|Any CPU.Build.0 = Debug|Any CPU
		{63B7B177-2CD0-4892-A929-9D1BF642B75A}.Debug|x64.ActiveCfg = Debug|Any CPU
		{63B7B177-2CD0-4892-A929-9D1BF642B75A}.Debug|x64.Build.0 = Debug|Any CPU
		{63B7B177-2CD0-4892-A929-9D1BF642B75A}.Debug|x86.ActiveCfg = Debug|Any CPU
		{63B7B177-2CD0-4892-A929-9D1BF642B75A}.Debug|x86.Build.0 = Debug|Any CPU
		{63B7B177-2CD0-4892-A929-9D1BF642B75A}.Release|Any CPU.ActiveCfg = Release|Any CPU
		{63B7B177-2CD0-4892-A929-9D1BF642B75A}.Release|Any CPU.Build.0 = Release|Any CPU
		{63B7B177-2CD0-4892-A929-9D1BF642B75A}.Release|x64.ActiveCfg = Release|Any CPU
		{63B7B177-2CD0-4892-A929-9D1BF642B75A}.Release|x64.Build.0 = Release|Any CPU
		{63B7B177-2CD0-4892-A929-9D1BF642B75A}.Release|x86.ActiveCfg = Release|Any CPU
		{63B7B177-2CD0-4892-A929-9D1BF642B75A}.Release|x86.Build.0 = Release|Any CPU
		{DCA7E8C4-8AD3-4673-BAAB-2180CF0CF44F}.Debug|Any CPU.ActiveCfg = Debug|Any CPU
		{DCA7E8C4-8AD3-4673-BAAB-2180CF0CF44F}.Debug|Any CPU.Build.0 = Debug|Any CPU
		{DCA7E8C4-8AD3-4673-BAAB-2180CF0CF44F}.Debug|x64.ActiveCfg = Debug|Any CPU
		{DCA7E8C4-8AD3-4673-BAAB-2180CF0CF44F}.Debug|x64.Build.0 = Debug|Any CPU
		{DCA7E8C4-8AD3-4673-BAAB-2180CF0CF44F}.Debug|x86.ActiveCfg = Debug|Any CPU
		{DCA7E8C4-8AD3-4673-BAAB-2180CF0CF44F}.Debug|x86.Build.0 = Debug|Any CPU
		{DCA7E8C4-8AD3-4673-BAAB-2180CF0CF44F}.Release|Any CPU.ActiveCfg = Release|Any CPU
		{DCA7E8C4-8AD3-4673-BAAB-2180CF0CF44F}.Release|Any CPU.Build.0 = Release|Any CPU
		{DCA7E8C4-8AD3-4673-BAAB-2180CF0CF44F}.Release|x64.ActiveCfg = Release|Any CPU
		{DCA7E8C4-8AD3-4673-BAAB-2180CF0CF44F}.Release|x64.Build.0 = Release|Any CPU
		{DCA7E8C4-8AD3-4673-BAAB-2180CF0CF44F}.Release|x86.ActiveCfg = Release|Any CPU
		{DCA7E8C4-8AD3-4673-BAAB-2180CF0CF44F}.Release|x86.Build.0 = Release|Any CPU
	EndGlobalSection
	GlobalSection(SolutionProperties) = preSolution
		HideSolutionNode = FALSE
	EndGlobalSection
	GlobalSection(ExtensibilityGlobals) = postSolution
		SolutionGuid = {1E338E23-F57F-4154-976D-22DDDF19527F}
	EndGlobalSection
EndGlobal
