
Microsoft Visual Studio Solution File, Format Version 12.00
# Visual Studio Version 17
VisualStudioVersion = 17.13.35806.99
MinimumVisualStudioVersion = 10.0.40219.1
Project("{FAE04EC0-301F-11D3-BF4B-00C04F79EFBC}") = "ASPA002_1", "ASPA002_1\ASPA002_1.csproj", "{0192D2D2-FAF2-4AA3-805D-1BAFDF1022D7}"
EndProject
Project("{FAE04EC0-301F-11D3-BF4B-00C04F79EFBC}") = "ASPA002_2", "ASPA002_2\ASPA002_2.csproj", "{434EA853-270C-4CD7-A021-BF8B03BF8D1C}"
EndProject
Project("{FAE04EC0-301F-11D3-BF4B-00C04F79EFBC}") = "ASPA002_3", "ASPA002_3\ASPA002_3.csproj", "{7E5832EA-E246-4B14-BC74-40CC55BB7B08}"
EndProject
Global
	GlobalSection(SolutionConfigurationPlatforms) = preSolution
		Debug|Any CPU = Debug|Any CPU
		Release|Any CPU = Release|Any CPU
	EndGlobalSection
	GlobalSection(ProjectConfigurationPlatforms) = postSolution
		{0192D2D2-FAF2-4AA3-805D-1BAFDF1022D7}.Debug|Any CPU.ActiveCfg = Debug|Any CPU
		{0192D2D2-FAF2-4AA3-805D-1BAFDF1022D7}.Debug|Any CPU.Build.0 = Debug|Any CPU
		{0192D2D2-FAF2-4AA3-805D-1BAFDF1022D7}.Release|Any CPU.ActiveCfg = Release|Any CPU
		{0192D2D2-FAF2-4AA3-805D-1BAFDF1022D7}.Release|Any CPU.Build.0 = Release|Any CPU
		{434EA853-270C-4CD7-A021-BF8B03BF8D1C}.Debug|Any CPU.ActiveCfg = Debug|Any CPU
		{434EA853-270C-4CD7-A021-BF8B03BF8D1C}.Debug|Any CPU.Build.0 = Debug|Any CPU
		{434EA853-270C-4CD7-A021-BF8B03BF8D1C}.Release|Any CPU.ActiveCfg = Release|Any CPU
		{434EA853-270C-4CD7-A021-BF8B03BF8D1C}.Release|Any CPU.Build.0 = Release|Any CPU
		{7E5832EA-E246-4B14-BC74-40CC55BB7B08}.Debug|Any CPU.ActiveCfg = Debug|Any CPU
		{7E5832EA-E246-4B14-BC74-40CC55BB7B08}.Debug|Any CPU.Build.0 = Debug|Any CPU
		{7E5832EA-E246-4B14-BC74-40CC55BB7B08}.Release|Any CPU.ActiveCfg = Release|Any CPU
		{7E5832EA-E246-4B14-BC74-40CC55BB7B08}.Release|Any CPU.Build.0 = Release|Any CPU
	EndGlobalSection
	GlobalSection(SolutionProperties) = preSolution
		HideSolutionNode = FALSE
	EndGlobalSection
	GlobalSection(ExtensibilityGlobals) = postSolution
		SolutionGuid = {D7DB121A-6CBB-4B59-901B-6E79830C5A31}
	EndGlobalSection
EndGlobal
