
Microsoft Visual Studio Solution File, Format Version 12.00
# Visual Studio Version 17
VisualStudioVersion = 17.11.35327.3
MinimumVisualStudioVersion = 10.0.40219.1
Project("{FAE04EC0-301F-11D3-BF4B-00C04F79EFBC}") = "os04_07", "os04_07\os04_07.csproj", "{75725A99-645F-4018-8053-9EF775183089}"
EndProject
Global
	GlobalSection(SolutionConfigurationPlatforms) = preSolution
		Debug|Any CPU = Debug|Any CPU
		Release|Any CPU = Release|Any CPU
	EndGlobalSection
	GlobalSection(ProjectConfigurationPlatforms) = postSolution
		{75725A99-645F-4018-8053-9EF775183089}.Debug|Any CPU.ActiveCfg = Debug|Any CPU
		{75725A99-645F-4018-8053-9EF775183089}.Debug|Any CPU.Build.0 = Debug|Any CPU
		{75725A99-645F-4018-8053-9EF775183089}.Release|Any CPU.ActiveCfg = Release|Any CPU
		{75725A99-645F-4018-8053-9EF775183089}.Release|Any CPU.Build.0 = Release|Any CPU
	EndGlobalSection
	GlobalSection(SolutionProperties) = preSolution
		HideSolutionNode = FALSE
	EndGlobalSection
	GlobalSection(ExtensibilityGlobals) = postSolution
		SolutionGuid = {307F1DF5-88AC-4460-BEEA-14C87294342E}
	EndGlobalSection
EndGlobal
